
Microsoft Visual Studio Solution File, Format Version 12.00
# Visual Studio Version 17
VisualStudioVersion = 17.9.34310.174
MinimumVisualStudioVersion = 10.0.40219.1
Project("{FAE04EC0-301F-11D3-BF4B-00C04F79EFBC}") = "ConsoleApp1", "ConsoleApp1.csproj", "{0800E717-6EAA-4AF7-B2F5-1246B1A5C63E}"
EndProject
Global
	GlobalSection(SolutionConfigurationPlatforms) = preSolution
		Debug|Any CPU = Debug|Any CPU
		Release|Any CPU = Release|Any CPU
	EndGlobalSection
	GlobalSection(ProjectConfigurationPlatforms) = postSolution
		{0800E717-6EAA-4AF7-B2F5-1246B1A5C63E}.Debug|Any CPU.ActiveCfg = Debug|Any CPU
		{0800E717-6EAA-4AF7-B2F5-1246B1A5C63E}.Debug|Any CPU.Build.0 = Debug|Any CPU
		{0800E717-6EAA-4AF7-B2F5-1246B1A5C63E}.Release|Any CPU.ActiveCfg = Release|Any CPU
		{0800E717-6EAA-4AF7-B2F5-1246B1A5C63E}.Release|Any CPU.Build.0 = Release|Any CPU
	EndGlobalSection
	GlobalSection(SolutionProperties) = preSolution
		HideSolutionNode = FALSE
	EndGlobalSection
	GlobalSection(ExtensibilityGlobals) = postSolution
		SolutionGuid = {F970B6C4-8DCD-40BD-8C6A-129481BD418A}
	EndGlobalSection
EndGlobal
